// !$*UTF8*$!
{
	archiveVersion = 1;
	classes = {
	};
	objectVersion = 50;
	objects = {

/* Begin PBXBuildFile section */
		25F77BA0239943A90087C295 /* AppDelegate.swift in Sources */ = {isa = PBXBuildFile; fileRef = 25F77B9F239943A90087C295 /* AppDelegate.swift */; };
		25F77BA2239943A90087C295 /* SceneDelegate.swift in Sources */ = {isa = PBXBuildFile; fileRef = 25F77BA1239943A90087C295 /* SceneDelegate.swift */; };
		25F77BA4239943A90087C295 /* FeedViewController.swift in Sources */ = {isa = PBXBuildFile; fileRef = 25F77BA3239943A90087C295 /* FeedViewController.swift */; };
		25F77BA7239943A90087C295 /* Main.storyboard in Resources */ = {isa = PBXBuildFile; fileRef = 25F77BA5239943A90087C295 /* Main.storyboard */; };
		25F77BAA239943A90087C295 /* RSSTest.xcdatamodeld in Sources */ = {isa = PBXBuildFile; fileRef = 25F77BA8239943A90087C295 /* RSSTest.xcdatamodeld */; };
		25F77BAC239943AD0087C295 /* Assets.xcassets in Resources */ = {isa = PBXBuildFile; fileRef = 25F77BAB239943AD0087C295 /* Assets.xcassets */; };
		25F77BAF239943AD0087C295 /* LaunchScreen.storyboard in Resources */ = {isa = PBXBuildFile; fileRef = 25F77BAD239943AD0087C295 /* LaunchScreen.storyboard */; };
		25F77BBA239943AE0087C295 /* RSSTestTests.swift in Sources */ = {isa = PBXBuildFile; fileRef = 25F77BB9239943AE0087C295 /* RSSTestTests.swift */; };
		25F77BC5239943AE0087C295 /* RSSTestUITests.swift in Sources */ = {isa = PBXBuildFile; fileRef = 25F77BC4239943AE0087C295 /* RSSTestUITests.swift */; };
		25F77BD3239944030087C295 /* Data.swift in Sources */ = {isa = PBXBuildFile; fileRef = 25F77BD2239944030087C295 /* Data.swift */; };
		25F77BD5239A98F60087C295 /* SourceViewController.swift in Sources */ = {isa = PBXBuildFile; fileRef = 25F77BD4239A98F60087C295 /* SourceViewController.swift */; };
		25F77BD7239AA3E20087C295 /* CoreData.swift in Sources */ = {isa = PBXBuildFile; fileRef = 25F77BD6239AA3E20087C295 /* CoreData.swift */; };
		25F77BDB239AD67B0087C295 /* DescriptionViewController.swift in Sources */ = {isa = PBXBuildFile; fileRef = 25F77BDA239AD67B0087C295 /* DescriptionViewController.swift */; };
		25F77BDF239B01400087C295 /* NewSourceViewController.swift in Sources */ = {isa = PBXBuildFile; fileRef = 25F77BDE239B01400087C295 /* NewSourceViewController.swift */; };
/* End PBXBuildFile section */

/* Begin PBXContainerItemProxy section */
		25F77BB6239943AE0087C295 /* PBXContainerItemProxy */ = {
			isa = PBXContainerItemProxy;
			containerPortal = 25F77B94239943A90087C295 /* Project object */;
			proxyType = 1;
			remoteGlobalIDString = 25F77B9B239943A90087C295;
			remoteInfo = RSSTest;
		};
		25F77BC1239943AE0087C295 /* PBXContainerItemProxy */ = {
			isa = PBXContainerItemProxy;
			containerPortal = 25F77B94239943A90087C295 /* Project object */;
			proxyType = 1;
			remoteGlobalIDString = 25F77B9B239943A90087C295;
			remoteInfo = RSSTest;
		};
/* End PBXContainerItemProxy section */

/* Begin PBXFileReference section */
		25F77B9C239943A90087C295 /* RSSTest.app */ = {isa = PBXFileReference; explicitFileType = wrapper.application; includeInIndex = 0; path = RSSTest.app; sourceTree = BUILT_PRODUCTS_DIR; };
		25F77B9F239943A90087C295 /* AppDelegate.swift */ = {isa = PBXFileReference; lastKnownFileType = sourcecode.swift; path = AppDelegate.swift; sourceTree = "<group>"; };
		25F77BA1239943A90087C295 /* SceneDelegate.swift */ = {isa = PBXFileReference; lastKnownFileType = sourcecode.swift; path = SceneDelegate.swift; sourceTree = "<group>"; };
		25F77BA3239943A90087C295 /* FeedViewController.swift */ = {isa = PBXFileReference; lastKnownFileType = sourcecode.swift; path = FeedViewController.swift; sourceTree = "<group>"; };
		25F77BA6239943A90087C295 /* Base */ = {isa = PBXFileReference; lastKnownFileType = file.storyboard; name = Base; path = Base.lproj/Main.storyboard; sourceTree = "<group>"; };
		25F77BA9239943A90087C295 /* RSSTest.xcdatamodel */ = {isa = PBXFileReference; lastKnownFileType = wrapper.xcdatamodel; path = RSSTest.xcdatamodel; sourceTree = "<group>"; };
		25F77BAB239943AD0087C295 /* Assets.xcassets */ = {isa = PBXFileReference; lastKnownFileType = folder.assetcatalog; path = Assets.xcassets; sourceTree = "<group>"; };
		25F77BAE239943AD0087C295 /* Base */ = {isa = PBXFileReference; lastKnownFileType = file.storyboard; name = Base; path = Base.lproj/LaunchScreen.storyboard; sourceTree = "<group>"; };
		25F77BB0239943AD0087C295 /* Info.plist */ = {isa = PBXFileReference; lastKnownFileType = text.plist.xml; path = Info.plist; sourceTree = "<group>"; };
		25F77BB5239943AE0087C295 /* RSSTestTests.xctest */ = {isa = PBXFileReference; explicitFileType = wrapper.cfbundle; includeInIndex = 0; path = RSSTestTests.xctest; sourceTree = BUILT_PRODUCTS_DIR; };
		25F77BB9239943AE0087C295 /* RSSTestTests.swift */ = {isa = PBXFileReference; lastKnownFileType = sourcecode.swift; path = RSSTestTests.swift; sourceTree = "<group>"; };
		25F77BBB239943AE0087C295 /* Info.plist */ = {isa = PBXFileReference; lastKnownFileType = text.plist.xml; path = Info.plist; sourceTree = "<group>"; };
		25F77BC0239943AE0087C295 /* RSSTestUITests.xctest */ = {isa = PBXFileReference; explicitFileType = wrapper.cfbundle; includeInIndex = 0; path = RSSTestUITests.xctest; sourceTree = BUILT_PRODUCTS_DIR; };
		25F77BC4239943AE0087C295 /* RSSTestUITests.swift */ = {isa = PBXFileReference; lastKnownFileType = sourcecode.swift; path = RSSTestUITests.swift; sourceTree = "<group>"; };
		25F77BC6239943AE0087C295 /* Info.plist */ = {isa = PBXFileReference; lastKnownFileType = text.plist.xml; path = Info.plist; sourceTree = "<group>"; };
		25F77BD2239944030087C295 /* Data.swift */ = {isa = PBXFileReference; lastKnownFileType = sourcecode.swift; path = Data.swift; sourceTree = "<group>"; };
		25F77BD4239A98F60087C295 /* SourceViewController.swift */ = {isa = PBXFileReference; lastKnownFileType = sourcecode.swift; path = SourceViewController.swift; sourceTree = "<group>"; };
		25F77BD6239AA3E20087C295 /* CoreData.swift */ = {isa = PBXFileReference; lastKnownFileType = sourcecode.swift; path = CoreData.swift; sourceTree = "<group>"; };
		25F77BDA239AD67B0087C295 /* DescriptionViewController.swift */ = {isa = PBXFileReference; lastKnownFileType = sourcecode.swift; path = DescriptionViewController.swift; sourceTree = "<group>"; };
		25F77BDE239B01400087C295 /* NewSourceViewController.swift */ = {isa = PBXFileReference; lastKnownFileType = sourcecode.swift; path = NewSourceViewController.swift; sourceTree = "<group>"; };
/* End PBXFileReference section */

/* Begin PBXFrameworksBuildPhase section */
		25F77B99239943A90087C295 /* Frameworks */ = {
			isa = PBXFrameworksBuildPhase;
			buildActionMask = 2147483647;
			files = (
			);
			runOnlyForDeploymentPostprocessing = 0;
		};
		25F77BB2239943AE0087C295 /* Frameworks */ = {
			isa = PBXFrameworksBuildPhase;
			buildActionMask = 2147483647;
			files = (
			);
			runOnlyForDeploymentPostprocessing = 0;
		};
		25F77BBD239943AE0087C295 /* Frameworks */ = {
			isa = PBXFrameworksBuildPhase;
			buildActionMask = 2147483647;
			files = (
			);
			runOnlyForDeploymentPostprocessing = 0;
		};
/* End PBXFrameworksBuildPhase section */

/* Begin PBXGroup section */
		25F77B93239943A90087C295 = {
			isa = PBXGroup;
			children = (
				25F77B9E239943A90087C295 /* RSSTest */,
				25F77BB8239943AE0087C295 /* RSSTestTests */,
				25F77BC3239943AE0087C295 /* RSSTestUITests */,
				25F77B9D239943A90087C295 /* Products */,
			);
			sourceTree = "<group>";
		};
		25F77B9D239943A90087C295 /* Products */ = {
			isa = PBXGroup;
			children = (
				25F77B9C239943A90087C295 /* RSSTest.app */,
				25F77BB5239943AE0087C295 /* RSSTestTests.xctest */,
				25F77BC0239943AE0087C295 /* RSSTestUITests.xctest */,
			);
			name = Products;
			sourceTree = "<group>";
		};
		25F77B9E239943A90087C295 /* RSSTest */ = {
			isa = PBXGroup;
			children = (
				25F77B9F239943A90087C295 /* AppDelegate.swift */,
				25F77BA1239943A90087C295 /* SceneDelegate.swift */,
				25F77BD4239A98F60087C295 /* SourceViewController.swift */,
				25F77BDE239B01400087C295 /* NewSourceViewController.swift */,
				25F77BA3239943A90087C295 /* FeedViewController.swift */,
				25F77BDA239AD67B0087C295 /* DescriptionViewController.swift */,
				25F77BD2239944030087C295 /* Data.swift */,
				25F77BD6239AA3E20087C295 /* CoreData.swift */,
				25F77BA5239943A90087C295 /* Main.storyboard */,
				25F77BAB239943AD0087C295 /* Assets.xcassets */,
				25F77BAD239943AD0087C295 /* LaunchScreen.storyboard */,
				25F77BB0239943AD0087C295 /* Info.plist */,
				25F77BA8239943A90087C295 /* RSSTest.xcdatamodeld */,
			);
			path = RSSTest;
			sourceTree = "<group>";
		};
		25F77BB8239943AE0087C295 /* RSSTestTests */ = {
			isa = PBXGroup;
			children = (
				25F77BB9239943AE0087C295 /* RSSTestTests.swift */,
				25F77BBB239943AE0087C295 /* Info.plist */,
			);
			path = RSSTestTests;
			sourceTree = "<group>";
		};
		25F77BC3239943AE0087C295 /* RSSTestUITests */ = {
			isa = PBXGroup;
			children = (
				25F77BC4239943AE0087C295 /* RSSTestUITests.swift */,
				25F77BC6239943AE0087C295 /* Info.plist */,
			);
			path = RSSTestUITests;
			sourceTree = "<group>";
		};
/* End PBXGroup section */

/* Begin PBXNativeTarget section */
		25F77B9B239943A90087C295 /* RSSTest */ = {
			isa = PBXNativeTarget;
			buildConfigurationList = 25F77BC9239943AE0087C295 /* Build configuration list for PBXNativeTarget "RSSTest" */;
			buildPhases = (
				25F77B98239943A90087C295 /* Sources */,
				25F77B99239943A90087C295 /* Frameworks */,
				25F77B9A239943A90087C295 /* Resources */,
			);
			buildRules = (
			);
			dependencies = (
			);
			name = RSSTest;
			productName = RSSTest;
			productReference = 25F77B9C239943A90087C295 /* RSSTest.app */;
			productType = "com.apple.product-type.application";
		};
		25F77BB4239943AE0087C295 /* RSSTestTests */ = {
			isa = PBXNativeTarget;
			buildConfigurationList = 25F77BCC239943AE0087C295 /* Build configuration list for PBXNativeTarget "RSSTestTests" */;
			buildPhases = (
				25F77BB1239943AE0087C295 /* Sources */,
				25F77BB2239943AE0087C295 /* Frameworks */,
				25F77BB3239943AE0087C295 /* Resources */,
			);
			buildRules = (
			);
			dependencies = (
				25F77BB7239943AE0087C295 /* PBXTargetDependency */,
			);
			name = RSSTestTests;
			productName = RSSTestTests;
			productReference = 25F77BB5239943AE0087C295 /* RSSTestTests.xctest */;
			productType = "com.apple.product-type.bundle.unit-test";
		};
		25F77BBF239943AE0087C295 /* RSSTestUITests */ = {
			isa = PBXNativeTarget;
			buildConfigurationList = 25F77BCF239943AE0087C295 /* Build configuration list for PBXNativeTarget "RSSTestUITests" */;
			buildPhases = (
				25F77BBC239943AE0087C295 /* Sources */,
				25F77BBD239943AE0087C295 /* Frameworks */,
				25F77BBE239943AE0087C295 /* Resources */,
			);
			buildRules = (
			);
			dependencies = (
				25F77BC2239943AE0087C295 /* PBXTargetDependency */,
			);
			name = RSSTestUITests;
			productName = RSSTestUITests;
			productReference = 25F77BC0239943AE0087C295 /* RSSTestUITests.xctest */;
			productType = "com.apple.product-type.bundle.ui-testing";
		};
/* End PBXNativeTarget section */

/* Begin PBXProject section */
		25F77B94239943A90087C295 /* Project object */ = {
			isa = PBXProject;
			attributes = {
				LastSwiftUpdateCheck = 1120;
				LastUpgradeCheck = 1120;
				ORGANIZATIONNAME = "Надежда Возна";
				TargetAttributes = {
					25F77B9B239943A90087C295 = {
						CreatedOnToolsVersion = 11.2.1;
					};
					25F77BB4239943AE0087C295 = {
						CreatedOnToolsVersion = 11.2.1;
						TestTargetID = 25F77B9B239943A90087C295;
					};
					25F77BBF239943AE0087C295 = {
						CreatedOnToolsVersion = 11.2.1;
						TestTargetID = 25F77B9B239943A90087C295;
					};
				};
			};
			buildConfigurationList = 25F77B97239943A90087C295 /* Build configuration list for PBXProject "RSSTest" */;
			compatibilityVersion = "Xcode 9.3";
			developmentRegion = en;
			hasScannedForEncodings = 0;
			knownRegions = (
				en,
				Base,
			);
			mainGroup = 25F77B93239943A90087C295;
			productRefGroup = 25F77B9D239943A90087C295 /* Products */;
			projectDirPath = "";
			projectRoot = "";
			targets = (
				25F77B9B239943A90087C295 /* RSSTest */,
				25F77BB4239943AE0087C295 /* RSSTestTests */,
				25F77BBF239943AE0087C295 /* RSSTestUITests */,
			);
		};
/* End PBXProject section */

/* Begin PBXResourcesBuildPhase section */
		25F77B9A239943A90087C295 /* Resources */ = {
			isa = PBXResourcesBuildPhase;
			buildActionMask = 2147483647;
			files = (
				25F77BAF239943AD0087C295 /* LaunchScreen.storyboard in Resources */,
				25F77BAC239943AD0087C295 /* Assets.xcassets in Resources */,
				25F77BA7239943A90087C295 /* Main.storyboard in Resources */,
			);
			runOnlyForDeploymentPostprocessing = 0;
		};
		25F77BB3239943AE0087C295 /* Resources */ = {
			isa = PBXResourcesBuildPhase;
			buildActionMask = 2147483647;
			files = (
			);
			runOnlyForDeploymentPostprocessing = 0;
		};
		25F77BBE239943AE0087C295 /* Resources */ = {
			isa = PBXResourcesBuildPhase;
			buildActionMask = 2147483647;
			files = (
			);
			runOnlyForDeploymentPostprocessing = 0;
		};
/* End PBXResourcesBuildPhase section */

/* Begin PBXSourcesBuildPhase section */
		25F77B98239943A90087C295 /* Sources */ = {
			isa = PBXSourcesBuildPhase;
			buildActionMask = 2147483647;
			files = (
				25F77BAA239943A90087C295 /* RSSTest.xcdatamodeld in Sources */,
				25F77BD3239944030087C295 /* Data.swift in Sources */,
				25F77BDF239B01400087C295 /* NewSourceViewController.swift in Sources */,
				25F77BA4239943A90087C295 /* FeedViewController.swift in Sources */,
				25F77BA0239943A90087C295 /* AppDelegate.swift in Sources */,
				25F77BD7239AA3E20087C295 /* CoreData.swift in Sources */,
				25F77BDB239AD67B0087C295 /* DescriptionViewController.swift in Sources */,
				25F77BA2239943A90087C295 /* SceneDelegate.swift in Sources */,
				25F77BD5239A98F60087C295 /* SourceViewController.swift in Sources */,
			);
			runOnlyForDeploymentPostprocessing = 0;
		};
		25F77BB1239943AE0087C295 /* Sources */ = {
			isa = PBXSourcesBuildPhase;
			buildActionMask = 2147483647;
			files = (
				25F77BBA239943AE0087C295 /* RSSTestTests.swift in Sources */,
			);
			runOnlyForDeploymentPostprocessing = 0;
		};
		25F77BBC239943AE0087C295 /* Sources */ = {
			isa = PBXSourcesBuildPhase;
			buildActionMask = 2147483647;
			files = (
				25F77BC5239943AE0087C295 /* RSSTestUITests.swift in Sources */,
			);
			runOnlyForDeploymentPostprocessing = 0;
		};
/* End PBXSourcesBuildPhase section */

/* Begin PBXTargetDependency section */
		25F77BB7239943AE0087C295 /* PBXTargetDependency */ = {
			isa = PBXTargetDependency;
			target = 25F77B9B239943A90087C295 /* RSSTest */;
			targetProxy = 25F77BB6239943AE0087C295 /* PBXContainerItemProxy */;
		};
		25F77BC2239943AE0087C295 /* PBXTargetDependency */ = {
			isa = PBXTargetDependency;
			target = 25F77B9B239943A90087C295 /* RSSTest */;
			targetProxy = 25F77BC1239943AE0087C295 /* PBXContainerItemProxy */;
		};
/* End PBXTargetDependency section */

/* Begin PBXVariantGroup section */
		25F77BA5239943A90087C295 /* Main.storyboard */ = {
			isa = PBXVariantGroup;
			children = (
				25F77BA6239943A90087C295 /* Base */,
			);
			name = Main.storyboard;
			sourceTree = "<group>";
		};
		25F77BAD239943AD0087C295 /* LaunchScreen.storyboard */ = {
			isa = PBXVariantGroup;
			children = (
				25F77BAE239943AD0087C295 /* Base */,
			);
			name = LaunchScreen.storyboard;
			sourceTree = "<group>";
		};
/* End PBXVariantGroup section */

/* Begin XCBuildConfiguration section */
		25F77BC7239943AE0087C295 /* Debug */ = {
			isa = XCBuildConfiguration;
			buildSettings = {
				ALWAYS_SEARCH_USER_PATHS = NO;
				CLANG_ANALYZER_NONNULL = YES;
				CLANG_ANALYZER_NUMBER_OBJECT_CONVERSION = YES_AGGRESSIVE;
				CLANG_CXX_LANGUAGE_STANDARD = "gnu++14";
				CLANG_CXX_LIBRARY = "libc++";
				CLANG_ENABLE_MODULES = YES;
				CLANG_ENABLE_OBJC_ARC = YES;
				CLANG_ENABLE_OBJC_WEAK = YES;
				CLANG_WARN_BLOCK_CAPTURE_AUTORELEASING = YES;
				CLANG_WARN_BOOL_CONVERSION = YES;
				CLANG_WARN_COMMA = YES;
				CLANG_WARN_CONSTANT_CONVERSION = YES;
				CLANG_WARN_DEPRECATED_OBJC_IMPLEMENTATIONS = YES;
				CLANG_WARN_DIRECT_OBJC_ISA_USAGE = YES_ERROR;
				CLANG_WARN_DOCUMENTATION_COMMENTS = YES;
				CLANG_WARN_EMPTY_BODY = YES;
				CLANG_WARN_ENUM_CONVERSION = YES;
				CLANG_WARN_INFINITE_RECURSION = YES;
				CLANG_WARN_INT_CONVERSION = YES;
				CLANG_WARN_NON_LITERAL_NULL_CONVERSION = YES;
				CLANG_WARN_OBJC_IMPLICIT_RETAIN_SELF = YES;
				CLANG_WARN_OBJC_LITERAL_CONVERSION = YES;
				CLANG_WARN_OBJC_ROOT_CLASS = YES_ERROR;
				CLANG_WARN_RANGE_LOOP_ANALYSIS = YES;
				CLANG_WARN_STRICT_PROTOTYPES = YES;
				CLANG_WARN_SUSPICIOUS_MOVE = YES;
				CLANG_WARN_UNGUARDED_AVAILABILITY = YES_AGGRESSIVE;
				CLANG_WARN_UNREACHABLE_CODE = YES;
				CLANG_WARN__DUPLICATE_METHOD_MATCH = YES;
				COPY_PHASE_STRIP = NO;
				DEBUG_INFORMATION_FORMAT = dwarf;
				ENABLE_STRICT_OBJC_MSGSEND = YES;
				ENABLE_TESTABILITY = YES;
				GCC_C_LANGUAGE_STANDARD = gnu11;
				GCC_DYNAMIC_NO_PIC = NO;
				GCC_NO_COMMON_BLOCKS = YES;
				GCC_OPTIMIZATION_LEVEL = 0;
				GCC_PREPROCESSOR_DEFINITIONS = (
					"DEBUG=1",
					"$(inherited)",
				);
				GCC_WARN_64_TO_32_BIT_CONVERSION = YES;
				GCC_WARN_ABOUT_RETURN_TYPE = YES_ERROR;
				GCC_WARN_UNDECLARED_SELECTOR = YES;
				GCC_WARN_UNINITIALIZED_AUTOS = YES_AGGRESSIVE;
				GCC_WARN_UNUSED_FUNCTION = YES;
				GCC_WARN_UNUSED_VARIABLE = YES;
				IPHONEOS_DEPLOYMENT_TARGET = 13.2;
				MTL_ENABLE_DEBUG_INFO = INCLUDE_SOURCE;
				MTL_FAST_MATH = YES;
				ONLY_ACTIVE_ARCH = YES;
				SDKROOT = iphoneos;
				SWIFT_ACTIVE_COMPILATION_CONDITIONS = DEBUG;
				SWIFT_OPTIMIZATION_LEVEL = "-Onone";
			};
			name = Debug;
		};
		25F77BC8239943AE0087C295 /* Release */ = {
			isa = XCBuildConfiguration;
			buildSettings = {
				ALWAYS_SEARCH_USER_PATHS = NO;
				CLANG_ANALYZER_NONNULL = YES;
				CLANG_ANALYZER_NUMBER_OBJECT_CONVERSION = YES_AGGRESSIVE;
				CLANG_CXX_LANGUAGE_STANDARD = "gnu++14";
				CLANG_CXX_LIBRARY = "libc++";
				CLANG_ENABLE_MODULES = YES;
				CLANG_ENABLE_OBJC_ARC = YES;
				CLANG_ENABLE_OBJC_WEAK = YES;
				CLANG_WARN_BLOCK_CAPTURE_AUTORELEASING = YES;
				CLANG_WARN_BOOL_CONVERSION = YES;
				CLANG_WARN_COMMA = YES;
				CLANG_WARN_CONSTANT_CONVERSION = YES;
				CLANG_WARN_DEPRECATED_OBJC_IMPLEMENTATIONS = YES;
				CLANG_WARN_DIRECT_OBJC_ISA_USAGE = YES_ERROR;
				CLANG_WARN_DOCUMENTATION_COMMENTS = YES;
				CLANG_WARN_EMPTY_BODY = YES;
				CLANG_WARN_ENUM_CONVERSION = YES;
				CLANG_WARN_INFINITE_RECURSION = YES;
				CLANG_WARN_INT_CONVERSION = YES;
				CLANG_WARN_NON_LITERAL_NULL_CONVERSION = YES;
				CLANG_WARN_OBJC_IMPLICIT_RETAIN_SELF = YES;
				CLANG_WARN_OBJC_LITERAL_CONVERSION = YES;
				CLANG_WARN_OBJC_ROOT_CLASS = YES_ERROR;
				CLANG_WARN_RANGE_LOOP_ANALYSIS = YES;
				CLANG_WARN_STRICT_PROTOTYPES = YES;
				CLANG_WARN_SUSPICIOUS_MOVE = YES;
				CLANG_WARN_UNGUARDED_AVAILABILITY = YES_AGGRESSIVE;
				CLANG_WARN_UNREACHABLE_CODE = YES;
				CLANG_WARN__DUPLICATE_METHOD_MATCH = YES;
				COPY_PHASE_STRIP = NO;
				DEBUG_INFORMATION_FORMAT = "dwarf-with-dsym";
				ENABLE_NS_ASSERTIONS = NO;
				ENABLE_STRICT_OBJC_MSGSEND = YES;
				GCC_C_LANGUAGE_STANDARD = gnu11;
				GCC_NO_COMMON_BLOCKS = YES;
				GCC_WARN_64_TO_32_BIT_CONVERSION = YES;
				GCC_WARN_ABOUT_RETURN_TYPE = YES_ERROR;
				GCC_WARN_UNDECLARED_SELECTOR = YES;
				GCC_WARN_UNINITIALIZED_AUTOS = YES_AGGRESSIVE;
				GCC_WARN_UNUSED_FUNCTION = YES;
				GCC_WARN_UNUSED_VARIABLE = YES;
				IPHONEOS_DEPLOYMENT_TARGET = 13.2;
				MTL_ENABLE_DEBUG_INFO = NO;
				MTL_FAST_MATH = YES;
				SDKROOT = iphoneos;
				SWIFT_COMPILATION_MODE = wholemodule;
				SWIFT_OPTIMIZATION_LEVEL = "-O";
				VALIDATE_PRODUCT = YES;
			};
			name = Release;
		};
		25F77BCA239943AE0087C295 /* Debug */ = {
			isa = XCBuildConfiguration;
			buildSettings = {
				ASSETCATALOG_COMPILER_APPICON_NAME = AppIcon;
				CODE_SIGN_STYLE = Automatic;
				DEVELOPMENT_TEAM = 9SR6C9RNX9;
				INFOPLIST_FILE = RSSTest/Info.plist;
				IPHONEOS_DEPLOYMENT_TARGET = 11.0;
				LD_RUNPATH_SEARCH_PATHS = (
					"$(inherited)",
					"@executable_path/Frameworks",
				);
				PRODUCT_BUNDLE_IDENTIFIER = com.iHope.RSSTest;
				PRODUCT_NAME = "$(TARGET_NAME)";
				SWIFT_VERSION = 5.0;
				TARGETED_DEVICE_FAMILY = "1,2";
			};
			name = Debug;
		};
		25F77BCB239943AE0087C295 /* Release */ = {
			isa = XCBuildConfiguration;
			buildSettings = {
				ASSETCATALOG_COMPILER_APPICON_NAME = AppIcon;
				CODE_SIGN_STYLE = Automatic;
				DEVELOPMENT_TEAM = 9SR6C9RNX9;
				INFOPLIST_FILE = RSSTest/Info.plist;
				IPHONEOS_DEPLOYMENT_TARGET = 11.0;
				LD_RUNPATH_SEARCH_PATHS = (
					"$(inherited)",
					"@executable_path/Frameworks",
				);
				PRODUCT_BUNDLE_IDENTIFIER = com.iHope.RSSTest;
				PRODUCT_NAME = "$(TARGET_NAME)";
				SWIFT_VERSION = 5.0;
				TARGETED_DEVICE_FAMILY = "1,2";
			};
			name = Release;
		};
		25F77BCD239943AE0087C295 /* Debug */ = {
			isa = XCBuildConfiguration;
			buildSettings = {
				ALWAYS_EMBED_SWIFT_STANDARD_LIBRARIES = YES;
				BUNDLE_LOADER = "$(TEST_HOST)";
				CODE_SIGN_STYLE = Automatic;
				DEVELOPMENT_TEAM = 9SR6C9RNX9;
				INFOPLIST_FILE = RSSTestTests/Info.plist;
				IPHONEOS_DEPLOYMENT_TARGET = 13.2;
				LD_RUNPATH_SEARCH_PATHS = (
					"$(inherited)",
					"@executable_path/Frameworks",
					"@loader_path/Frameworks",
				);
				PRODUCT_BUNDLE_IDENTIFIER = com.iHope.RSSTestTests;
				PRODUCT_NAME = "$(TARGET_NAME)";
				SWIFT_VERSION = 5.0;
				TARGETED_DEVICE_FAMILY = "1,2";
				TEST_HOST = "$(BUILT_PRODUCTS_DIR)/RSSTest.app/RSSTest";
			};
			name = Debug;
		};
		25F77BCE239943AE0087C295 /* Release */ = {
			isa = XCBuildConfiguration;
			buildSettings = {
				ALWAYS_EMBED_SWIFT_STANDARD_LIBRARIES = YES;
				BUNDLE_LOADER = "$(TEST_HOST)";
				CODE_SIGN_STYLE = Automatic;
				DEVELOPMENT_TEAM = 9SR6C9RNX9;
				INFOPLIST_FILE = RSSTestTests/Info.plist;
				IPHONEOS_DEPLOYMENT_TARGET = 13.2;
				LD_RUNPATH_SEARCH_PATHS = (
					"$(inherited)",
					"@executable_path/Frameworks",
					"@loader_path/Frameworks",
				);
				PRODUCT_BUNDLE_IDENTIFIER = com.iHope.RSSTestTests;
				PRODUCT_NAME = "$(TARGET_NAME)";
				SWIFT_VERSION = 5.0;
				TARGETED_DEVICE_FAMILY = "1,2";
				TEST_HOST = "$(BUILT_PRODUCTS_DIR)/RSSTest.app/RSSTest";
			};
			name = Release;
		};
		25F77BD0239943AE0087C295 /* Debug */ = {
			isa = XCBuildConfiguration;
			buildSettings = {
				ALWAYS_EMBED_SWIFT_STANDARD_LIBRARIES = YES;
				CODE_SIGN_STYLE = Automatic;
				DEVELOPMENT_TEAM = 9SR6C9RNX9;
				INFOPLIST_FILE = RSSTestUITests/Info.plist;
				LD_RUNPATH_SEARCH_PATHS = (
					"$(inherited)",
					"@executable_path/Frameworks",
					"@loader_path/Frameworks",
				);
				PRODUCT_BUNDLE_IDENTIFIER = com.iHope.RSSTestUITests;
				PRODUCT_NAME = "$(TARGET_NAME)";
				SWIFT_VERSION = 5.0;
				TARGETED_DEVICE_FAMILY = "1,2";
				TEST_TARGET_NAME = RSSTest;
			};
			name = Debug;
		};
		25F77BD1239943AE0087C295 /* Release */ = {
			isa = XCBuildConfiguration;
			buildSettings = {
				ALWAYS_EMBED_SWIFT_STANDARD_LIBRARIES = YES;
				CODE_SIGN_STYLE = Automatic;
				DEVELOPMENT_TEAM = 9SR6C9RNX9;
				INFOPLIST_FILE = RSSTestUITests/Info.plist;
				LD_RUNPATH_SEARCH_PATHS = (
					"$(inherited)",
					"@executable_path/Frameworks",
					"@loader_path/Frameworks",
				);
				PRODUCT_BUNDLE_IDENTIFIER = com.iHope.RSSTestUITests;
				PRODUCT_NAME = "$(TARGET_NAME)";
				SWIFT_VERSION = 5.0;
				TARGETED_DEVICE_FAMILY = "1,2";
				TEST_TARGET_NAME = RSSTest;
			};
			name = Release;
		};
/* End XCBuildConfiguration section */

/* Begin XCConfigurationList section */
		25F77B97239943A90087C295 /* Build configuration list for PBXProject "RSSTest" */ = {
			isa = XCConfigurationList;
			buildConfigurations = (
				25F77BC7239943AE0087C295 /* Debug */,
				25F77BC8239943AE0087C295 /* Release */,
			);
			defaultConfigurationIsVisible = 0;
			defaultConfigurationName = Release;
		};
		25F77BC9239943AE0087C295 /* Build configuration list for PBXNativeTarget "RSSTest" */ = {
			isa = XCConfigurationList;
			buildConfigurations = (
				25F77BCA239943AE0087C295 /* Debug */,
				25F77BCB239943AE0087C295 /* Release */,
			);
			defaultConfigurationIsVisible = 0;
			defaultConfigurationName = Release;
		};
		25F77BCC239943AE0087C295 /* Build configuration list for PBXNativeTarget "RSSTestTests" */ = {
			isa = XCConfigurationList;
			buildConfigurations = (
				25F77BCD239943AE0087C295 /* Debug */,
				25F77BCE239943AE0087C295 /* Release */,
			);
			defaultConfigurationIsVisible = 0;
			defaultConfigurationName = Release;
		};
		25F77BCF239943AE0087C295 /* Build configuration list for PBXNativeTarget "RSSTestUITests" */ = {
			isa = XCConfigurationList;
			buildConfigurations = (
				25F77BD0239943AE0087C295 /* Debug */,
				25F77BD1239943AE0087C295 /* Release */,
			);
			defaultConfigurationIsVisible = 0;
			defaultConfigurationName = Release;
		};
/* End XCConfigurationList section */

/* Begin XCVersionGroup section */
		25F77BA8239943A90087C295 /* RSSTest.xcdatamodeld */ = {
			isa = XCVersionGroup;
			children = (
				25F77BA9239943A90087C295 /* RSSTest.xcdatamodel */,
			);
			currentVersion = 25F77BA9239943A90087C295 /* RSSTest.xcdatamodel */;
			path = RSSTest.xcdatamodeld;
			sourceTree = "<group>";
			versionGroupType = wrapper.xcdatamodel;
		};
/* End XCVersionGroup section */
	};
	rootObject = 25F77B94239943A90087C295 /* Project object */;
}
